
Microsoft Visual Studio Solution File, Format Version 12.00
# Visual Studio 15
VisualStudioVersion = 15.0.28010.2046
MinimumVisualStudioVersion = 10.0.40219.1
Project("{FAE04EC0-301F-11D3-BF4B-00C04F79EFBC}") = "LykePicApp.API", "LykePicApp.API\LykePicApp.API.csproj", "{BA6B84ED-E5AE-4226-A87C-AB3133F334A9}"
EndProject
Project("{FAE04EC0-301F-11D3-BF4B-00C04F79EFBC}") = "LykePicApp.DAL", "LykePicApp.DAL\LykePicApp.DAL.csproj", "{63B1B653-4970-423D-AA39-FFED4B9258D4}"
EndProject
Project("{FAE04EC0-301F-11D3-BF4B-00C04F79EFBC}") = "LykePicApp.BAL", "LykePicApp.BAL\LykePicApp.BAL.csproj", "{35284BCB-D1CC-4A00-AFD8-506F79B47E90}"
EndProject
Project("{FAE04EC0-301F-11D3-BF4B-00C04F79EFBC}") = "LykePicApp.Auth", "LykePicApp.Auth\LykePicApp.Auth.csproj", "{5F18B375-FA14-4DDD-B0A2-69C1F4FEA778}"
EndProject
Project("{E24C65DC-7377-472B-9ABA-BC803B73C61A}") = "LykePicApp.Script", "LykePicApp.Script\", "{84089294-A619-4EB0-B225-C97D9A68D001}"
	ProjectSection(WebsiteProperties) = preProject
		TargetFrameworkMoniker = ".NETFramework,Version%3Dv4.0"
		Debug.AspNetCompiler.VirtualPath = "/localhost_55426"
		Debug.AspNetCompiler.PhysicalPath = "LykePicApp.Script\"
		Debug.AspNetCompiler.TargetPath = "PrecompiledWeb\localhost_55426\"
		Debug.AspNetCompiler.Updateable = "true"
		Debug.AspNetCompiler.ForceOverwrite = "true"
		Debug.AspNetCompiler.FixedNames = "false"
		Debug.AspNetCompiler.Debug = "True"
		Release.AspNetCompiler.VirtualPath = "/localhost_55426"
		Release.AspNetCompiler.PhysicalPath = "LykePicApp.Script\"
		Release.AspNetCompiler.TargetPath = "PrecompiledWeb\localhost_55426\"
		Release.AspNetCompiler.Updateable = "true"
		Release.AspNetCompiler.ForceOverwrite = "true"
		Release.AspNetCompiler.FixedNames = "false"
		Release.AspNetCompiler.Debug = "False"
		VWDPort = "55426"
		SlnRelativePath = "LykePicApp.Script\"
	EndProjectSection
EndProject
Global
	GlobalSection(SolutionConfigurationPlatforms) = preSolution
		Debug|Any CPU = Debug|Any CPU
		Release|Any CPU = Release|Any CPU
	EndGlobalSection
	GlobalSection(ProjectConfigurationPlatforms) = postSolution
		{BA6B84ED-E5AE-4226-A87C-AB3133F334A9}.Debug|Any CPU.ActiveCfg = Debug|Any CPU
		{BA6B84ED-E5AE-4226-A87C-AB3133F334A9}.Debug|Any CPU.Build.0 = Debug|Any CPU
		{BA6B84ED-E5AE-4226-A87C-AB3133F334A9}.Release|Any CPU.ActiveCfg = Release|Any CPU
		{BA6B84ED-E5AE-4226-A87C-AB3133F334A9}.Release|Any CPU.Build.0 = Release|Any CPU
		{63B1B653-4970-423D-AA39-FFED4B9258D4}.Debug|Any CPU.ActiveCfg = Debug|Any CPU
		{63B1B653-4970-423D-AA39-FFED4B9258D4}.Debug|Any CPU.Build.0 = Debug|Any CPU
		{63B1B653-4970-423D-AA39-FFED4B9258D4}.Release|Any CPU.ActiveCfg = Release|Any CPU
		{63B1B653-4970-423D-AA39-FFED4B9258D4}.Release|Any CPU.Build.0 = Release|Any CPU
		{35284BCB-D1CC-4A00-AFD8-506F79B47E90}.Debug|Any CPU.ActiveCfg = Debug|Any CPU
		{35284BCB-D1CC-4A00-AFD8-506F79B47E90}.Debug|Any CPU.Build.0 = Debug|Any CPU
		{35284BCB-D1CC-4A00-AFD8-506F79B47E90}.Release|Any CPU.ActiveCfg = Release|Any CPU
		{35284BCB-D1CC-4A00-AFD8-506F79B47E90}.Release|Any CPU.Build.0 = Release|Any CPU
		{5F18B375-FA14-4DDD-B0A2-69C1F4FEA778}.Debug|Any CPU.ActiveCfg = Debug|Any CPU
		{5F18B375-FA14-4DDD-B0A2-69C1F4FEA778}.Debug|Any CPU.Build.0 = Debug|Any CPU
		{5F18B375-FA14-4DDD-B0A2-69C1F4FEA778}.Release|Any CPU.ActiveCfg = Release|Any CPU
		{5F18B375-FA14-4DDD-B0A2-69C1F4FEA778}.Release|Any CPU.Build.0 = Release|Any CPU
		{84089294-A619-4EB0-B225-C97D9A68D001}.Debug|Any CPU.ActiveCfg = Debug|Any CPU
		{84089294-A619-4EB0-B225-C97D9A68D001}.Debug|Any CPU.Build.0 = Debug|Any CPU
		{84089294-A619-4EB0-B225-C97D9A68D001}.Release|Any CPU.ActiveCfg = Debug|Any CPU
		{84089294-A619-4EB0-B225-C97D9A68D001}.Release|Any CPU.Build.0 = Debug|Any CPU
	EndGlobalSection
	GlobalSection(SolutionProperties) = preSolution
		HideSolutionNode = FALSE
	EndGlobalSection
	GlobalSection(ExtensibilityGlobals) = postSolution
		SolutionGuid = {4C325139-EB44-4CD3-939C-295C25D8189E}
	EndGlobalSection
EndGlobal
